
Microsoft Visual Studio Solution File, Format Version 12.00
# Visual Studio Version 17
VisualStudioVersion = 17.3.32929.385
MinimumVisualStudioVersion = 10.0.40219.1
Project("{9A19103F-16F7-4668-BE54-9A1E7A4F7556}") = "Console_Bouteille", "Console_Bouteille.csproj", "{601039B5-9633-4744-B4C8-BE94B4A9C206}"
EndProject
Project("{9A19103F-16F7-4668-BE54-9A1E7A4F7556}") = "TestProjectBouteille", "..\TestProjectBouteille\TestProjectBouteille.csproj", "{3B7E5C48-5555-48BB-A747-069B034F60B2}"
EndProject
Project("{FAE04EC0-301F-11D3-BF4B-00C04F79EFBC}") = "ClassLibrary_Bouteille", "..\ClassLibrary_Bouteille\ClassLibrary_Bouteille.csproj", "{AF178E86-4848-46E6-8EF9-FBC1B619EA22}"
EndProject
Global
	GlobalSection(SolutionConfigurationPlatforms) = preSolution
		Debug|Any CPU = Debug|Any CPU
		Release|Any CPU = Release|Any CPU
	EndGlobalSection
	GlobalSection(ProjectConfigurationPlatforms) = postSolution
		{601039B5-9633-4744-B4C8-BE94B4A9C206}.Debug|Any CPU.ActiveCfg = Debug|Any CPU
		{601039B5-9633-4744-B4C8-BE94B4A9C206}.Debug|Any CPU.Build.0 = Debug|Any CPU
		{601039B5-9633-4744-B4C8-BE94B4A9C206}.Release|Any CPU.ActiveCfg = Release|Any CPU
		{601039B5-9633-4744-B4C8-BE94B4A9C206}.Release|Any CPU.Build.0 = Release|Any CPU
		{3B7E5C48-5555-48BB-A747-069B034F60B2}.Debug|Any CPU.ActiveCfg = Debug|Any CPU
		{3B7E5C48-5555-48BB-A747-069B034F60B2}.Debug|Any CPU.Build.0 = Debug|Any CPU
		{3B7E5C48-5555-48BB-A747-069B034F60B2}.Release|Any CPU.ActiveCfg = Release|Any CPU
		{3B7E5C48-5555-48BB-A747-069B034F60B2}.Release|Any CPU.Build.0 = Release|Any CPU
		{AF178E86-4848-46E6-8EF9-FBC1B619EA22}.Debug|Any CPU.ActiveCfg = Debug|Any CPU
		{AF178E86-4848-46E6-8EF9-FBC1B619EA22}.Debug|Any CPU.Build.0 = Debug|Any CPU
		{AF178E86-4848-46E6-8EF9-FBC1B619EA22}.Release|Any CPU.ActiveCfg = Release|Any CPU
		{AF178E86-4848-46E6-8EF9-FBC1B619EA22}.Release|Any CPU.Build.0 = Release|Any CPU
	EndGlobalSection
	GlobalSection(SolutionProperties) = preSolution
		HideSolutionNode = FALSE
	EndGlobalSection
	GlobalSection(ExtensibilityGlobals) = postSolution
		SolutionGuid = {D8F00EBA-D38F-47A0-BEAE-24BDF5B07ECB}
	EndGlobalSection
EndGlobal
