
Microsoft Visual Studio Solution File, Format Version 12.00
# Visual Studio Version 17
VisualStudioVersion = 17.3.32929.385
MinimumVisualStudioVersion = 10.0.40219.1
Project("{9A19103F-16F7-4668-BE54-9A1E7A4F7556}") = "ClassLibraryLépidoptère", "ClassLibraryLépidoptère.csproj", "{D6925242-4ED7-4BB8-95D8-D7EB30AE2443}"
EndProject
Project("{9A19103F-16F7-4668-BE54-9A1E7A4F7556}") = "ConsoleAppLepidoptere", "..\ConsoleAppLepidoptere\ConsoleAppLepidoptere.csproj", "{BF0DA542-50C9-4C85-B8F1-A6683DF6A0B3}"
EndProject
Project("{FAE04EC0-301F-11D3-BF4B-00C04F79EFBC}") = "ConsoleAppSerre", "..\ConsoleAppSerre\ConsoleAppSerre.csproj", "{A251955C-12B0-4736-99C5-8A377A3C0043}"
EndProject
Global
	GlobalSection(SolutionConfigurationPlatforms) = preSolution
		Debug|Any CPU = Debug|Any CPU
		Release|Any CPU = Release|Any CPU
	EndGlobalSection
	GlobalSection(ProjectConfigurationPlatforms) = postSolution
		{D6925242-4ED7-4BB8-95D8-D7EB30AE2443}.Debug|Any CPU.ActiveCfg = Debug|Any CPU
		{D6925242-4ED7-4BB8-95D8-D7EB30AE2443}.Debug|Any CPU.Build.0 = Debug|Any CPU
		{D6925242-4ED7-4BB8-95D8-D7EB30AE2443}.Release|Any CPU.ActiveCfg = Release|Any CPU
		{D6925242-4ED7-4BB8-95D8-D7EB30AE2443}.Release|Any CPU.Build.0 = Release|Any CPU
		{BF0DA542-50C9-4C85-B8F1-A6683DF6A0B3}.Debug|Any CPU.ActiveCfg = Debug|Any CPU
		{BF0DA542-50C9-4C85-B8F1-A6683DF6A0B3}.Debug|Any CPU.Build.0 = Debug|Any CPU
		{BF0DA542-50C9-4C85-B8F1-A6683DF6A0B3}.Release|Any CPU.ActiveCfg = Release|Any CPU
		{BF0DA542-50C9-4C85-B8F1-A6683DF6A0B3}.Release|Any CPU.Build.0 = Release|Any CPU
		{A251955C-12B0-4736-99C5-8A377A3C0043}.Debug|Any CPU.ActiveCfg = Debug|Any CPU
		{A251955C-12B0-4736-99C5-8A377A3C0043}.Debug|Any CPU.Build.0 = Debug|Any CPU
		{A251955C-12B0-4736-99C5-8A377A3C0043}.Release|Any CPU.ActiveCfg = Release|Any CPU
		{A251955C-12B0-4736-99C5-8A377A3C0043}.Release|Any CPU.Build.0 = Release|Any CPU
	EndGlobalSection
	GlobalSection(SolutionProperties) = preSolution
		HideSolutionNode = FALSE
	EndGlobalSection
	GlobalSection(ExtensibilityGlobals) = postSolution
		SolutionGuid = {F1C31079-1F97-46FC-9175-DCA16EBF03C4}
	EndGlobalSection
EndGlobal
