
Microsoft Visual Studio Solution File, Format Version 12.00
# Visual Studio Version 17
VisualStudioVersion = 17.3.32929.385
MinimumVisualStudioVersion = 10.0.40219.1
Project("{FAE04EC0-301F-11D3-BF4B-00C04F79EFBC}") = "ClassLibraryVoiture", "ClassLibraryVoiture.csproj", "{D224A227-943F-484F-9CDC-F4C5A8348B89}"
EndProject
Project("{FAE04EC0-301F-11D3-BF4B-00C04F79EFBC}") = "TestProjectVoiture", "..\TestProjectVoiture\TestProjectVoiture.csproj", "{DEF860B5-9691-4F5F-B8C2-7F0DCE57F074}"
EndProject
Project("{FAE04EC0-301F-11D3-BF4B-00C04F79EFBC}") = "ConsoleAppVoiture", "..\ConsoleAppVoiture\ConsoleAppVoiture.csproj", "{AC72235D-7FCB-4058-A22B-B37B6B597516}"
EndProject
Global
	GlobalSection(SolutionConfigurationPlatforms) = preSolution
		Debug|Any CPU = Debug|Any CPU
		Release|Any CPU = Release|Any CPU
	EndGlobalSection
	GlobalSection(ProjectConfigurationPlatforms) = postSolution
		{D224A227-943F-484F-9CDC-F4C5A8348B89}.Debug|Any CPU.ActiveCfg = Debug|Any CPU
		{D224A227-943F-484F-9CDC-F4C5A8348B89}.Debug|Any CPU.Build.0 = Debug|Any CPU
		{D224A227-943F-484F-9CDC-F4C5A8348B89}.Release|Any CPU.ActiveCfg = Release|Any CPU
		{D224A227-943F-484F-9CDC-F4C5A8348B89}.Release|Any CPU.Build.0 = Release|Any CPU
		{DEF860B5-9691-4F5F-B8C2-7F0DCE57F074}.Debug|Any CPU.ActiveCfg = Debug|Any CPU
		{DEF860B5-9691-4F5F-B8C2-7F0DCE57F074}.Debug|Any CPU.Build.0 = Debug|Any CPU
		{DEF860B5-9691-4F5F-B8C2-7F0DCE57F074}.Release|Any CPU.ActiveCfg = Release|Any CPU
		{DEF860B5-9691-4F5F-B8C2-7F0DCE57F074}.Release|Any CPU.Build.0 = Release|Any CPU
		{AC72235D-7FCB-4058-A22B-B37B6B597516}.Debug|Any CPU.ActiveCfg = Debug|Any CPU
		{AC72235D-7FCB-4058-A22B-B37B6B597516}.Debug|Any CPU.Build.0 = Debug|Any CPU
		{AC72235D-7FCB-4058-A22B-B37B6B597516}.Release|Any CPU.ActiveCfg = Release|Any CPU
		{AC72235D-7FCB-4058-A22B-B37B6B597516}.Release|Any CPU.Build.0 = Release|Any CPU
	EndGlobalSection
	GlobalSection(SolutionProperties) = preSolution
		HideSolutionNode = FALSE
	EndGlobalSection
	GlobalSection(ExtensibilityGlobals) = postSolution
		SolutionGuid = {32E7ADD9-AE14-497C-8DCB-5CDBADF877BB}
	EndGlobalSection
EndGlobal
