
Microsoft Visual Studio Solution File, Format Version 12.00
# Visual Studio Version 17
VisualStudioVersion = 17.3.32929.385
MinimumVisualStudioVersion = 10.0.40219.1
Project("{FAE04EC0-301F-11D3-BF4B-00C04F79EFBC}") = "ClassLibraryPersonne", "ClassLibraryPersonne.csproj", "{FFF435B2-3943-490B-8272-9FA2706C4836}"
EndProject
Project("{FAE04EC0-301F-11D3-BF4B-00C04F79EFBC}") = "ConsoleAppPersonne", "..\ConsoleAppPersonne\ConsoleAppPersonne.csproj", "{F7960AAC-E87D-47F2-B2A7-7DA3123C1D57}"
EndProject
Global
	GlobalSection(SolutionConfigurationPlatforms) = preSolution
		Debug|Any CPU = Debug|Any CPU
		Release|Any CPU = Release|Any CPU
	EndGlobalSection
	GlobalSection(ProjectConfigurationPlatforms) = postSolution
		{FFF435B2-3943-490B-8272-9FA2706C4836}.Debug|Any CPU.ActiveCfg = Debug|Any CPU
		{FFF435B2-3943-490B-8272-9FA2706C4836}.Debug|Any CPU.Build.0 = Debug|Any CPU
		{FFF435B2-3943-490B-8272-9FA2706C4836}.Release|Any CPU.ActiveCfg = Release|Any CPU
		{FFF435B2-3943-490B-8272-9FA2706C4836}.Release|Any CPU.Build.0 = Release|Any CPU
		{F7960AAC-E87D-47F2-B2A7-7DA3123C1D57}.Debug|Any CPU.ActiveCfg = Debug|Any CPU
		{F7960AAC-E87D-47F2-B2A7-7DA3123C1D57}.Debug|Any CPU.Build.0 = Debug|Any CPU
		{F7960AAC-E87D-47F2-B2A7-7DA3123C1D57}.Release|Any CPU.ActiveCfg = Release|Any CPU
		{F7960AAC-E87D-47F2-B2A7-7DA3123C1D57}.Release|Any CPU.Build.0 = Release|Any CPU
	EndGlobalSection
	GlobalSection(SolutionProperties) = preSolution
		HideSolutionNode = FALSE
	EndGlobalSection
	GlobalSection(ExtensibilityGlobals) = postSolution
		SolutionGuid = {003B5A4B-3EDB-4EBC-8ED5-DD9D193AB050}
	EndGlobalSection
EndGlobal
