
Microsoft Visual Studio Solution File, Format Version 12.00
# Visual Studio Version 17
VisualStudioVersion = 17.3.32929.385
MinimumVisualStudioVersion = 10.0.40219.1
Project("{FAE04EC0-301F-11D3-BF4B-00C04F79EFBC}") = "ex_2_4_tri_3_nombres", "ex_2_4_tri_3_nombres\ex_2_4_tri_3_nombres.csproj", "{AC4CC0F4-A862-48D5-A726-45068454F520}"
EndProject
Global
	GlobalSection(SolutionConfigurationPlatforms) = preSolution
		Debug|Any CPU = Debug|Any CPU
		Release|Any CPU = Release|Any CPU
	EndGlobalSection
	GlobalSection(ProjectConfigurationPlatforms) = postSolution
		{AC4CC0F4-A862-48D5-A726-45068454F520}.Debug|Any CPU.ActiveCfg = Debug|Any CPU
		{AC4CC0F4-A862-48D5-A726-45068454F520}.Debug|Any CPU.Build.0 = Debug|Any CPU
		{AC4CC0F4-A862-48D5-A726-45068454F520}.Release|Any CPU.ActiveCfg = Release|Any CPU
		{AC4CC0F4-A862-48D5-A726-45068454F520}.Release|Any CPU.Build.0 = Release|Any CPU
	EndGlobalSection
	GlobalSection(SolutionProperties) = preSolution
		HideSolutionNode = FALSE
	EndGlobalSection
	GlobalSection(ExtensibilityGlobals) = postSolution
		SolutionGuid = {AF3704B6-FE55-4AAE-BF79-489B939F1E36}
	EndGlobalSection
EndGlobal
