
Microsoft Visual Studio Solution File, Format Version 12.00
# Visual Studio Version 17
VisualStudioVersion = 17.3.32929.385
MinimumVisualStudioVersion = 10.0.40219.1
Project("{FAE04EC0-301F-11D3-BF4B-00C04F79EFBC}") = "ex_6_revisions-2", "ex_6_revisions-2.csproj", "{7D99BD68-F559-4930-A209-518EBDD24CC1}"
EndProject
Project("{FAE04EC0-301F-11D3-BF4B-00C04F79EFBC}") = "ex_9_9_test", "..\ex_9_9_test\ex_9_9_test.csproj", "{C0EF3985-60A2-406D-9BE3-8D5F6390F43F}"
EndProject
Global
	GlobalSection(SolutionConfigurationPlatforms) = preSolution
		Debug|Any CPU = Debug|Any CPU
		Release|Any CPU = Release|Any CPU
	EndGlobalSection
	GlobalSection(ProjectConfigurationPlatforms) = postSolution
		{7D99BD68-F559-4930-A209-518EBDD24CC1}.Debug|Any CPU.ActiveCfg = Debug|Any CPU
		{7D99BD68-F559-4930-A209-518EBDD24CC1}.Debug|Any CPU.Build.0 = Debug|Any CPU
		{7D99BD68-F559-4930-A209-518EBDD24CC1}.Release|Any CPU.ActiveCfg = Release|Any CPU
		{7D99BD68-F559-4930-A209-518EBDD24CC1}.Release|Any CPU.Build.0 = Release|Any CPU
		{C0EF3985-60A2-406D-9BE3-8D5F6390F43F}.Debug|Any CPU.ActiveCfg = Debug|Any CPU
		{C0EF3985-60A2-406D-9BE3-8D5F6390F43F}.Debug|Any CPU.Build.0 = Debug|Any CPU
		{C0EF3985-60A2-406D-9BE3-8D5F6390F43F}.Release|Any CPU.ActiveCfg = Release|Any CPU
		{C0EF3985-60A2-406D-9BE3-8D5F6390F43F}.Release|Any CPU.Build.0 = Release|Any CPU
	EndGlobalSection
	GlobalSection(SolutionProperties) = preSolution
		HideSolutionNode = FALSE
	EndGlobalSection
	GlobalSection(ExtensibilityGlobals) = postSolution
		SolutionGuid = {642B6AE4-CE44-43B3-90D1-504146B41170}
	EndGlobalSection
EndGlobal
