
Microsoft Visual Studio Solution File, Format Version 12.00
# Visual Studio Version 17
VisualStudioVersion = 17.3.32929.385
MinimumVisualStudioVersion = 10.0.40219.1
Project("{FAE04EC0-301F-11D3-BF4B-00C04F79EFBC}") = "ClassLibraryCompteBanquaire", "ClassLibraryCompteBanquaire.csproj", "{9F065B99-7014-4357-BD14-7EC78E27C99F}"
EndProject
Project("{FAE04EC0-301F-11D3-BF4B-00C04F79EFBC}") = "ConsoleAppCompteBanquaire", "..\ConsoleAppCompteBanquaire\ConsoleAppCompteBanquaire.csproj", "{1505E217-D2E1-4023-9865-E6CEF298E092}"
EndProject
Project("{FAE04EC0-301F-11D3-BF4B-00C04F79EFBC}") = "TestProjectCompteBanquaire", "..\TestProjectCompteBanquaire\TestProjectCompteBanquaire.csproj", "{32D3A8E1-B08F-4393-B1AA-F6296488B138}"
EndProject
Global
	GlobalSection(SolutionConfigurationPlatforms) = preSolution
		Debug|Any CPU = Debug|Any CPU
		Release|Any CPU = Release|Any CPU
	EndGlobalSection
	GlobalSection(ProjectConfigurationPlatforms) = postSolution
		{9F065B99-7014-4357-BD14-7EC78E27C99F}.Debug|Any CPU.ActiveCfg = Debug|Any CPU
		{9F065B99-7014-4357-BD14-7EC78E27C99F}.Debug|Any CPU.Build.0 = Debug|Any CPU
		{9F065B99-7014-4357-BD14-7EC78E27C99F}.Release|Any CPU.ActiveCfg = Release|Any CPU
		{9F065B99-7014-4357-BD14-7EC78E27C99F}.Release|Any CPU.Build.0 = Release|Any CPU
		{1505E217-D2E1-4023-9865-E6CEF298E092}.Debug|Any CPU.ActiveCfg = Debug|Any CPU
		{1505E217-D2E1-4023-9865-E6CEF298E092}.Debug|Any CPU.Build.0 = Debug|Any CPU
		{1505E217-D2E1-4023-9865-E6CEF298E092}.Release|Any CPU.ActiveCfg = Release|Any CPU
		{1505E217-D2E1-4023-9865-E6CEF298E092}.Release|Any CPU.Build.0 = Release|Any CPU
		{32D3A8E1-B08F-4393-B1AA-F6296488B138}.Debug|Any CPU.ActiveCfg = Debug|Any CPU
		{32D3A8E1-B08F-4393-B1AA-F6296488B138}.Debug|Any CPU.Build.0 = Debug|Any CPU
		{32D3A8E1-B08F-4393-B1AA-F6296488B138}.Release|Any CPU.ActiveCfg = Release|Any CPU
		{32D3A8E1-B08F-4393-B1AA-F6296488B138}.Release|Any CPU.Build.0 = Release|Any CPU
	EndGlobalSection
	GlobalSection(SolutionProperties) = preSolution
		HideSolutionNode = FALSE
	EndGlobalSection
	GlobalSection(ExtensibilityGlobals) = postSolution
		SolutionGuid = {1910C800-D471-4942-90D8-D648F08937E5}
	EndGlobalSection
EndGlobal
