
Microsoft Visual Studio Solution File, Format Version 12.00
# Visual Studio Version 17
VisualStudioVersion = 17.3.32929.385
MinimumVisualStudioVersion = 10.0.40219.1
Project("{9A19103F-16F7-4668-BE54-9A1E7A4F7556}") = "ex_5_revisions_1", "ex_5_revisions_1.csproj", "{EF80E442-B535-4400-9C6F-0EE2E9A66698}"
EndProject
Project("{9A19103F-16F7-4668-BE54-9A1E7A4F7556}") = "ex_5_1_nombres_parfaits", "..\ex_5_1_nombres_parfaits\ex_5_1_nombres_parfaits.csproj", "{4B46A957-5111-4F34-B584-1EB601B9ACA1}"
EndProject
Project("{9A19103F-16F7-4668-BE54-9A1E7A4F7556}") = "ex_9_9_test", "..\ex_9_9_test\ex_9_9_test.csproj", "{68BB71A5-8E8A-433C-985C-E0743053BF67}"
EndProject
Project("{9A19103F-16F7-4668-BE54-9A1E7A4F7556}") = "ex_5_2_conversion_kilometres_miles", "..\ex_5_2_conversion_kilometres_miles\ex_5_2_conversion_kilometres_miles.csproj", "{AC6B2C25-B767-4676-9745-7F2E08D155DB}"
EndProject
Project("{9A19103F-16F7-4668-BE54-9A1E7A4F7556}") = "ex_5_2_Bis_convertisseur_kilomètres_miles", "..\ex_5_2_Bis_convertisseur_kilomètres_miles\ex_5_2_Bis_convertisseur_kilomètres_miles.csproj", "{F701D4E6-D270-487A-931E-CB4925D53821}"
EndProject
Project("{9A19103F-16F7-4668-BE54-9A1E7A4F7556}") = "ex_5_3_1__Convertisseur_Fahrenheit_Celsius", "..\ex_5_3_1__Convertisseur_Fahrenheit_Celsius\ex_5_3_1__Convertisseur_Fahrenheit_Celsius.csproj", "{A20DBA3F-BD1E-484D-AFE9-016B63ED00FA}"
EndProject
Project("{FAE04EC0-301F-11D3-BF4B-00C04F79EFBC}") = "ex_5_3_2_Far_Cel_plage", "..\ex_5_3_2_Far_Cel_plage\ex_5_3_2_Far_Cel_plage.csproj", "{1AE253C3-FE6B-44A7-BA3D-87AF17D984DB}"
EndProject
Global
	GlobalSection(SolutionConfigurationPlatforms) = preSolution
		Debug|Any CPU = Debug|Any CPU
		Release|Any CPU = Release|Any CPU
	EndGlobalSection
	GlobalSection(ProjectConfigurationPlatforms) = postSolution
		{EF80E442-B535-4400-9C6F-0EE2E9A66698}.Debug|Any CPU.ActiveCfg = Debug|Any CPU
		{EF80E442-B535-4400-9C6F-0EE2E9A66698}.Debug|Any CPU.Build.0 = Debug|Any CPU
		{EF80E442-B535-4400-9C6F-0EE2E9A66698}.Release|Any CPU.ActiveCfg = Release|Any CPU
		{EF80E442-B535-4400-9C6F-0EE2E9A66698}.Release|Any CPU.Build.0 = Release|Any CPU
		{4B46A957-5111-4F34-B584-1EB601B9ACA1}.Debug|Any CPU.ActiveCfg = Debug|Any CPU
		{4B46A957-5111-4F34-B584-1EB601B9ACA1}.Debug|Any CPU.Build.0 = Debug|Any CPU
		{4B46A957-5111-4F34-B584-1EB601B9ACA1}.Release|Any CPU.ActiveCfg = Release|Any CPU
		{4B46A957-5111-4F34-B584-1EB601B9ACA1}.Release|Any CPU.Build.0 = Release|Any CPU
		{68BB71A5-8E8A-433C-985C-E0743053BF67}.Debug|Any CPU.ActiveCfg = Debug|Any CPU
		{68BB71A5-8E8A-433C-985C-E0743053BF67}.Debug|Any CPU.Build.0 = Debug|Any CPU
		{68BB71A5-8E8A-433C-985C-E0743053BF67}.Release|Any CPU.ActiveCfg = Release|Any CPU
		{68BB71A5-8E8A-433C-985C-E0743053BF67}.Release|Any CPU.Build.0 = Release|Any CPU
		{AC6B2C25-B767-4676-9745-7F2E08D155DB}.Debug|Any CPU.ActiveCfg = Debug|Any CPU
		{AC6B2C25-B767-4676-9745-7F2E08D155DB}.Debug|Any CPU.Build.0 = Debug|Any CPU
		{AC6B2C25-B767-4676-9745-7F2E08D155DB}.Release|Any CPU.ActiveCfg = Release|Any CPU
		{AC6B2C25-B767-4676-9745-7F2E08D155DB}.Release|Any CPU.Build.0 = Release|Any CPU
		{F701D4E6-D270-487A-931E-CB4925D53821}.Debug|Any CPU.ActiveCfg = Debug|Any CPU
		{F701D4E6-D270-487A-931E-CB4925D53821}.Debug|Any CPU.Build.0 = Debug|Any CPU
		{F701D4E6-D270-487A-931E-CB4925D53821}.Release|Any CPU.ActiveCfg = Release|Any CPU
		{F701D4E6-D270-487A-931E-CB4925D53821}.Release|Any CPU.Build.0 = Release|Any CPU
		{A20DBA3F-BD1E-484D-AFE9-016B63ED00FA}.Debug|Any CPU.ActiveCfg = Debug|Any CPU
		{A20DBA3F-BD1E-484D-AFE9-016B63ED00FA}.Debug|Any CPU.Build.0 = Debug|Any CPU
		{A20DBA3F-BD1E-484D-AFE9-016B63ED00FA}.Release|Any CPU.ActiveCfg = Release|Any CPU
		{A20DBA3F-BD1E-484D-AFE9-016B63ED00FA}.Release|Any CPU.Build.0 = Release|Any CPU
		{1AE253C3-FE6B-44A7-BA3D-87AF17D984DB}.Debug|Any CPU.ActiveCfg = Debug|Any CPU
		{1AE253C3-FE6B-44A7-BA3D-87AF17D984DB}.Debug|Any CPU.Build.0 = Debug|Any CPU
		{1AE253C3-FE6B-44A7-BA3D-87AF17D984DB}.Release|Any CPU.ActiveCfg = Release|Any CPU
		{1AE253C3-FE6B-44A7-BA3D-87AF17D984DB}.Release|Any CPU.Build.0 = Release|Any CPU
	EndGlobalSection
	GlobalSection(SolutionProperties) = preSolution
		HideSolutionNode = FALSE
	EndGlobalSection
	GlobalSection(ExtensibilityGlobals) = postSolution
		SolutionGuid = {567D68BE-8243-43D0-8361-D0BC70B65211}
	EndGlobalSection
EndGlobal
