
Microsoft Visual Studio Solution File, Format Version 12.00
# Visual Studio Version 17
VisualStudioVersion = 17.3.32929.385
MinimumVisualStudioVersion = 10.0.40219.1
Project("{FAE04EC0-301F-11D3-BF4B-00C04F79EFBC}") = "ex_5_revisions_1", "ex_5_revisions_1.csproj", "{EF80E442-B535-4400-9C6F-0EE2E9A66698}"
EndProject
Project("{FAE04EC0-301F-11D3-BF4B-00C04F79EFBC}") = "ex_5_1_nombres_parfaits", "..\ex_5_1_nombres_parfaits\ex_5_1_nombres_parfaits.csproj", "{4B46A957-5111-4F34-B584-1EB601B9ACA1}"
EndProject
Global
	GlobalSection(SolutionConfigurationPlatforms) = preSolution
		Debug|Any CPU = Debug|Any CPU
		Release|Any CPU = Release|Any CPU
	EndGlobalSection
	GlobalSection(ProjectConfigurationPlatforms) = postSolution
		{EF80E442-B535-4400-9C6F-0EE2E9A66698}.Debug|Any CPU.ActiveCfg = Debug|Any CPU
		{EF80E442-B535-4400-9C6F-0EE2E9A66698}.Debug|Any CPU.Build.0 = Debug|Any CPU
		{EF80E442-B535-4400-9C6F-0EE2E9A66698}.Release|Any CPU.ActiveCfg = Release|Any CPU
		{EF80E442-B535-4400-9C6F-0EE2E9A66698}.Release|Any CPU.Build.0 = Release|Any CPU
		{4B46A957-5111-4F34-B584-1EB601B9ACA1}.Debug|Any CPU.ActiveCfg = Debug|Any CPU
		{4B46A957-5111-4F34-B584-1EB601B9ACA1}.Debug|Any CPU.Build.0 = Debug|Any CPU
		{4B46A957-5111-4F34-B584-1EB601B9ACA1}.Release|Any CPU.ActiveCfg = Release|Any CPU
		{4B46A957-5111-4F34-B584-1EB601B9ACA1}.Release|Any CPU.Build.0 = Release|Any CPU
	EndGlobalSection
	GlobalSection(SolutionProperties) = preSolution
		HideSolutionNode = FALSE
	EndGlobalSection
	GlobalSection(ExtensibilityGlobals) = postSolution
		SolutionGuid = {567D68BE-8243-43D0-8361-D0BC70B65211}
	EndGlobalSection
EndGlobal
