
Microsoft Visual Studio Solution File, Format Version 12.00
# Visual Studio Version 17
VisualStudioVersion = 17.3.32929.385
MinimumVisualStudioVersion = 10.0.40219.1
Project("{9A19103F-16F7-4668-BE54-9A1E7A4F7556}") = "ex_4_1_recherche_nombre_dans_tableau", "..\ex_4_1_recherche_nombre_dans_tableau\ex_4_1_recherche_nombre_dans_tableau.csproj", "{C4CAFF71-2987-4419-83A3-EE3C65B82339}"
EndProject
Project("{9A19103F-16F7-4668-BE54-9A1E7A4F7556}") = "ex_4_2_lettre_dans_phrase", "..\ex_4_2_lettre_dans_phrase\ex_4_2_lettre_dans_phrase.csproj", "{4B43B826-2DB4-45E3-B0CF-B75084F25FC8}"
EndProject
Project("{9A19103F-16F7-4668-BE54-9A1E7A4F7556}") = "ex_4_3_Lettres_alphabet", "..\ex_4_3_Lettres_alphabet\ex_4_3_Lettres_alphabet.csproj", "{8D1771FC-911C-4A62-9331-0383E1EA8987}"
EndProject
Project("{9A19103F-16F7-4668-BE54-9A1E7A4F7556}") = "ex_4_4_tri_tableau", "ex_4_4_tri_tableau\ex_4_4_tri_tableau.csproj", "{B9706211-53DB-4A95-8736-4B51F54AFDEE}"
EndProject
Project("{9A19103F-16F7-4668-BE54-9A1E7A4F7556}") = "ex_4_5_palindrome", "ex_4_5_palindrome\ex_4_5_palindrome.csproj", "{3A7E4A42-E5E5-4773-B95B-3E8EDDC930C5}"
EndProject
Project("{9A19103F-16F7-4668-BE54-9A1E7A4F7556}") = "ex_9_9_tests", "ex_9_9_tests\ex_9_9_tests.csproj", "{F94DB9B9-CC97-4AB4-BEC5-9C619E8C474B}"
EndProject
Project("{FAE04EC0-301F-11D3-BF4B-00C04F79EFBC}") = "ex_4_4_Bis_Tri_tableau", "ex_4_4_Bis_Tri_tableau\ex_4_4_Bis_Tri_tableau.csproj", "{C1047BA4-762D-454D-9672-4D118EC47F11}"
EndProject
Global
	GlobalSection(SolutionConfigurationPlatforms) = preSolution
		Debug|Any CPU = Debug|Any CPU
		Release|Any CPU = Release|Any CPU
	EndGlobalSection
	GlobalSection(ProjectConfigurationPlatforms) = postSolution
		{C4CAFF71-2987-4419-83A3-EE3C65B82339}.Debug|Any CPU.ActiveCfg = Debug|Any CPU
		{C4CAFF71-2987-4419-83A3-EE3C65B82339}.Debug|Any CPU.Build.0 = Debug|Any CPU
		{C4CAFF71-2987-4419-83A3-EE3C65B82339}.Release|Any CPU.ActiveCfg = Release|Any CPU
		{C4CAFF71-2987-4419-83A3-EE3C65B82339}.Release|Any CPU.Build.0 = Release|Any CPU
		{4B43B826-2DB4-45E3-B0CF-B75084F25FC8}.Debug|Any CPU.ActiveCfg = Debug|Any CPU
		{4B43B826-2DB4-45E3-B0CF-B75084F25FC8}.Debug|Any CPU.Build.0 = Debug|Any CPU
		{4B43B826-2DB4-45E3-B0CF-B75084F25FC8}.Release|Any CPU.ActiveCfg = Release|Any CPU
		{4B43B826-2DB4-45E3-B0CF-B75084F25FC8}.Release|Any CPU.Build.0 = Release|Any CPU
		{8D1771FC-911C-4A62-9331-0383E1EA8987}.Debug|Any CPU.ActiveCfg = Debug|Any CPU
		{8D1771FC-911C-4A62-9331-0383E1EA8987}.Debug|Any CPU.Build.0 = Debug|Any CPU
		{8D1771FC-911C-4A62-9331-0383E1EA8987}.Release|Any CPU.ActiveCfg = Release|Any CPU
		{8D1771FC-911C-4A62-9331-0383E1EA8987}.Release|Any CPU.Build.0 = Release|Any CPU
		{B9706211-53DB-4A95-8736-4B51F54AFDEE}.Debug|Any CPU.ActiveCfg = Debug|Any CPU
		{B9706211-53DB-4A95-8736-4B51F54AFDEE}.Debug|Any CPU.Build.0 = Debug|Any CPU
		{B9706211-53DB-4A95-8736-4B51F54AFDEE}.Release|Any CPU.ActiveCfg = Release|Any CPU
		{B9706211-53DB-4A95-8736-4B51F54AFDEE}.Release|Any CPU.Build.0 = Release|Any CPU
		{3A7E4A42-E5E5-4773-B95B-3E8EDDC930C5}.Debug|Any CPU.ActiveCfg = Debug|Any CPU
		{3A7E4A42-E5E5-4773-B95B-3E8EDDC930C5}.Debug|Any CPU.Build.0 = Debug|Any CPU
		{3A7E4A42-E5E5-4773-B95B-3E8EDDC930C5}.Release|Any CPU.ActiveCfg = Release|Any CPU
		{3A7E4A42-E5E5-4773-B95B-3E8EDDC930C5}.Release|Any CPU.Build.0 = Release|Any CPU
		{F94DB9B9-CC97-4AB4-BEC5-9C619E8C474B}.Debug|Any CPU.ActiveCfg = Debug|Any CPU
		{F94DB9B9-CC97-4AB4-BEC5-9C619E8C474B}.Debug|Any CPU.Build.0 = Debug|Any CPU
		{F94DB9B9-CC97-4AB4-BEC5-9C619E8C474B}.Release|Any CPU.ActiveCfg = Release|Any CPU
		{F94DB9B9-CC97-4AB4-BEC5-9C619E8C474B}.Release|Any CPU.Build.0 = Release|Any CPU
		{C1047BA4-762D-454D-9672-4D118EC47F11}.Debug|Any CPU.ActiveCfg = Debug|Any CPU
		{C1047BA4-762D-454D-9672-4D118EC47F11}.Debug|Any CPU.Build.0 = Debug|Any CPU
		{C1047BA4-762D-454D-9672-4D118EC47F11}.Release|Any CPU.ActiveCfg = Release|Any CPU
		{C1047BA4-762D-454D-9672-4D118EC47F11}.Release|Any CPU.Build.0 = Release|Any CPU
	EndGlobalSection
	GlobalSection(SolutionProperties) = preSolution
		HideSolutionNode = FALSE
	EndGlobalSection
	GlobalSection(ExtensibilityGlobals) = postSolution
		SolutionGuid = {01C9DB37-0EED-48E5-B9ED-595FDAC7BF4C}
	EndGlobalSection
EndGlobal
