
Microsoft Visual Studio Solution File, Format Version 12.00
# Visual Studio Version 17
VisualStudioVersion = 17.3.32929.385
MinimumVisualStudioVersion = 10.0.40219.1
Project("{9A19103F-16F7-4668-BE54-9A1E7A4F7556}") = "ClassLibraryFraction", "ClassLibraryFraction.csproj", "{AB6F6A01-ADB0-4660-8817-49FBB7C031B1}"
EndProject
Project("{FAE04EC0-301F-11D3-BF4B-00C04F79EFBC}") = "ConsoleAppFonction2", "..\ConsoleAppFonction2\ConsoleAppFonction2.csproj", "{5EFF78EE-20A4-4448-9DE7-6C12D6535F81}"
EndProject
Global
	GlobalSection(SolutionConfigurationPlatforms) = preSolution
		Debug|Any CPU = Debug|Any CPU
		Release|Any CPU = Release|Any CPU
	EndGlobalSection
	GlobalSection(ProjectConfigurationPlatforms) = postSolution
		{AB6F6A01-ADB0-4660-8817-49FBB7C031B1}.Debug|Any CPU.ActiveCfg = Debug|Any CPU
		{AB6F6A01-ADB0-4660-8817-49FBB7C031B1}.Release|Any CPU.ActiveCfg = Release|Any CPU
		{AB6F6A01-ADB0-4660-8817-49FBB7C031B1}.Release|Any CPU.Build.0 = Release|Any CPU
		{5EFF78EE-20A4-4448-9DE7-6C12D6535F81}.Debug|Any CPU.ActiveCfg = Debug|Any CPU
		{5EFF78EE-20A4-4448-9DE7-6C12D6535F81}.Debug|Any CPU.Build.0 = Debug|Any CPU
		{5EFF78EE-20A4-4448-9DE7-6C12D6535F81}.Release|Any CPU.ActiveCfg = Release|Any CPU
		{5EFF78EE-20A4-4448-9DE7-6C12D6535F81}.Release|Any CPU.Build.0 = Release|Any CPU
	EndGlobalSection
	GlobalSection(SolutionProperties) = preSolution
		HideSolutionNode = FALSE
	EndGlobalSection
	GlobalSection(ExtensibilityGlobals) = postSolution
		SolutionGuid = {EE04DC34-5ADE-46A8-A92F-F272DCC5FA7F}
	EndGlobalSection
EndGlobal
